// !$*UTF8*$!
{
	archiveVersion = 1;
	classes = {
	};
	objectVersion = 55;
	objects = {

/* Begin PBXBuildFile section */
		20CA3D1B28D2677E003BFB8F /* RhythmDB.swift in Sources */ = {isa = PBXBuildFile; fileRef = 20CA3D1A28D2677E003BFB8F /* RhythmDB.swift */; };
		20ED118B28C949AB00D3ADC7 /* RhythmRandomApp.swift in Sources */ = {isa = PBXBuildFile; fileRef = 20ED118A28C949AB00D3ADC7 /* RhythmRandomApp.swift */; };
		20ED118D28C949AB00D3ADC7 /* ContentView.swift in Sources */ = {isa = PBXBuildFile; fileRef = 20ED118C28C949AB00D3ADC7 /* ContentView.swift */; };
		20ED118F28C949AC00D3ADC7 /* Assets.xcassets in Resources */ = {isa = PBXBuildFile; fileRef = 20ED118E28C949AC00D3ADC7 /* Assets.xcassets */; };
		20ED119228C949AC00D3ADC7 /* Preview Assets.xcassets in Resources */ = {isa = PBXBuildFile; fileRef = 20ED119128C949AC00D3ADC7 /* Preview Assets.xcassets */; };
		20ED119C28C949AC00D3ADC7 /* RhythmRandomTests.swift in Sources */ = {isa = PBXBuildFile; fileRef = 20ED119B28C949AC00D3ADC7 /* RhythmRandomTests.swift */; };
		20ED11A628C949AC00D3ADC7 /* RhythmRandomUITests.swift in Sources */ = {isa = PBXBuildFile; fileRef = 20ED11A528C949AC00D3ADC7 /* RhythmRandomUITests.swift */; };
		20ED11A828C949AC00D3ADC7 /* RhythmRandomUITestsLaunchTests.swift in Sources */ = {isa = PBXBuildFile; fileRef = 20ED11A728C949AC00D3ADC7 /* RhythmRandomUITestsLaunchTests.swift */; };
		20ED11B628CA503600D3ADC7 /* RhythmAppVM.swift in Sources */ = {isa = PBXBuildFile; fileRef = 20ED11B528CA503600D3ADC7 /* RhythmAppVM.swift */; };
		20ED11B828CA50A200D3ADC7 /* RhythmAppModel.swift in Sources */ = {isa = PBXBuildFile; fileRef = 20ED11B728CA50A200D3ADC7 /* RhythmAppModel.swift */; };
/* End PBXBuildFile section */

/* Begin PBXContainerItemProxy section */
		20ED119828C949AC00D3ADC7 /* PBXContainerItemProxy */ = {
			isa = PBXContainerItemProxy;
			containerPortal = 20ED117F28C949AB00D3ADC7 /* Project object */;
			proxyType = 1;
			remoteGlobalIDString = 20ED118628C949AB00D3ADC7;
			remoteInfo = RhythmRandom;
		};
		20ED11A228C949AC00D3ADC7 /* PBXContainerItemProxy */ = {
			isa = PBXContainerItemProxy;
			containerPortal = 20ED117F28C949AB00D3ADC7 /* Project object */;
			proxyType = 1;
			remoteGlobalIDString = 20ED118628C949AB00D3ADC7;
			remoteInfo = RhythmRandom;
		};
/* End PBXContainerItemProxy section */

/* Begin PBXFileReference section */
		20CA3D1A28D2677E003BFB8F /* RhythmDB.swift */ = {isa = PBXFileReference; lastKnownFileType = sourcecode.swift; path = RhythmDB.swift; sourceTree = "<group>"; };
		20ED118728C949AB00D3ADC7 /* RhythmRandom.app */ = {isa = PBXFileReference; explicitFileType = wrapper.application; includeInIndex = 0; path = RhythmRandom.app; sourceTree = BUILT_PRODUCTS_DIR; };
		20ED118A28C949AB00D3ADC7 /* RhythmRandomApp.swift */ = {isa = PBXFileReference; lastKnownFileType = sourcecode.swift; path = RhythmRandomApp.swift; sourceTree = "<group>"; };
		20ED118C28C949AB00D3ADC7 /* ContentView.swift */ = {isa = PBXFileReference; lastKnownFileType = sourcecode.swift; path = ContentView.swift; sourceTree = "<group>"; };
		20ED118E28C949AC00D3ADC7 /* Assets.xcassets */ = {isa = PBXFileReference; lastKnownFileType = folder.assetcatalog; path = Assets.xcassets; sourceTree = "<group>"; };
		20ED119128C949AC00D3ADC7 /* Preview Assets.xcassets */ = {isa = PBXFileReference; lastKnownFileType = folder.assetcatalog; path = "Preview Assets.xcassets"; sourceTree = "<group>"; };
		20ED119728C949AC00D3ADC7 /* RhythmRandomTests.xctest */ = {isa = PBXFileReference; explicitFileType = wrapper.cfbundle; includeInIndex = 0; path = RhythmRandomTests.xctest; sourceTree = BUILT_PRODUCTS_DIR; };
		20ED119B28C949AC00D3ADC7 /* RhythmRandomTests.swift */ = {isa = PBXFileReference; lastKnownFileType = sourcecode.swift; path = RhythmRandomTests.swift; sourceTree = "<group>"; };
		20ED11A128C949AC00D3ADC7 /* RhythmRandomUITests.xctest */ = {isa = PBXFileReference; explicitFileType = wrapper.cfbundle; includeInIndex = 0; path = RhythmRandomUITests.xctest; sourceTree = BUILT_PRODUCTS_DIR; };
		20ED11A528C949AC00D3ADC7 /* RhythmRandomUITests.swift */ = {isa = PBXFileReference; lastKnownFileType = sourcecode.swift; path = RhythmRandomUITests.swift; sourceTree = "<group>"; };
		20ED11A728C949AC00D3ADC7 /* RhythmRandomUITestsLaunchTests.swift */ = {isa = PBXFileReference; lastKnownFileType = sourcecode.swift; path = RhythmRandomUITestsLaunchTests.swift; sourceTree = "<group>"; };
		20ED11B428CA4DEB00D3ADC7 /* README.md */ = {isa = PBXFileReference; lastKnownFileType = net.daringfireball.markdown; path = README.md; sourceTree = "<group>"; };
		20ED11B528CA503600D3ADC7 /* RhythmAppVM.swift */ = {isa = PBXFileReference; lastKnownFileType = sourcecode.swift; path = RhythmAppVM.swift; sourceTree = "<group>"; };
		20ED11B728CA50A200D3ADC7 /* RhythmAppModel.swift */ = {isa = PBXFileReference; lastKnownFileType = sourcecode.swift; path = RhythmAppModel.swift; sourceTree = "<group>"; };
/* End PBXFileReference section */

/* Begin PBXFrameworksBuildPhase section */
		20ED118428C949AB00D3ADC7 /* Frameworks */ = {
			isa = PBXFrameworksBuildPhase;
			buildActionMask = 2147483647;
			files = (
			);
			runOnlyForDeploymentPostprocessing = 0;
		};
		20ED119428C949AC00D3ADC7 /* Frameworks */ = {
			isa = PBXFrameworksBuildPhase;
			buildActionMask = 2147483647;
			files = (
			);
			runOnlyForDeploymentPostprocessing = 0;
		};
		20ED119E28C949AC00D3ADC7 /* Frameworks */ = {
			isa = PBXFrameworksBuildPhase;
			buildActionMask = 2147483647;
			files = (
			);
			runOnlyForDeploymentPostprocessing = 0;
		};
/* End PBXFrameworksBuildPhase section */

/* Begin PBXGroup section */
		20ED117E28C949AB00D3ADC7 = {
			isa = PBXGroup;
			children = (
				20ED11B428CA4DEB00D3ADC7 /* README.md */,
				20ED118928C949AB00D3ADC7 /* RhythmRandom */,
				20ED119A28C949AC00D3ADC7 /* RhythmRandomTests */,
				20ED11A428C949AC00D3ADC7 /* RhythmRandomUITests */,
				20ED118828C949AB00D3ADC7 /* Products */,
			);
			sourceTree = "<group>";
		};
		20ED118828C949AB00D3ADC7 /* Products */ = {
			isa = PBXGroup;
			children = (
				20ED118728C949AB00D3ADC7 /* RhythmRandom.app */,
				20ED119728C949AC00D3ADC7 /* RhythmRandomTests.xctest */,
				20ED11A128C949AC00D3ADC7 /* RhythmRandomUITests.xctest */,
			);
			name = Products;
			sourceTree = "<group>";
		};
		20ED118928C949AB00D3ADC7 /* RhythmRandom */ = {
			isa = PBXGroup;
			children = (
				20ED118A28C949AB00D3ADC7 /* RhythmRandomApp.swift */,
				20ED118C28C949AB00D3ADC7 /* ContentView.swift */,
				20ED11B528CA503600D3ADC7 /* RhythmAppVM.swift */,
				20ED11B728CA50A200D3ADC7 /* RhythmAppModel.swift */,
				20CA3D1A28D2677E003BFB8F /* RhythmDB.swift */,
				20ED118E28C949AC00D3ADC7 /* Assets.xcassets */,
				20ED119028C949AC00D3ADC7 /* Preview Content */,
			);
			path = RhythmRandom;
			sourceTree = "<group>";
		};
		20ED119028C949AC00D3ADC7 /* Preview Content */ = {
			isa = PBXGroup;
			children = (
				20ED119128C949AC00D3ADC7 /* Preview Assets.xcassets */,
			);
			path = "Preview Content";
			sourceTree = "<group>";
		};
		20ED119A28C949AC00D3ADC7 /* RhythmRandomTests */ = {
			isa = PBXGroup;
			children = (
				20ED119B28C949AC00D3ADC7 /* RhythmRandomTests.swift */,
			);
			path = RhythmRandomTests;
			sourceTree = "<group>";
		};
		20ED11A428C949AC00D3ADC7 /* RhythmRandomUITests */ = {
			isa = PBXGroup;
			children = (
				20ED11A528C949AC00D3ADC7 /* RhythmRandomUITests.swift */,
				20ED11A728C949AC00D3ADC7 /* RhythmRandomUITestsLaunchTests.swift */,
			);
			path = RhythmRandomUITests;
			sourceTree = "<group>";
		};
/* End PBXGroup section */

/* Begin PBXNativeTarget section */
		20ED118628C949AB00D3ADC7 /* RhythmRandom */ = {
			isa = PBXNativeTarget;
			buildConfigurationList = 20ED11AB28C949AC00D3ADC7 /* Build configuration list for PBXNativeTarget "RhythmRandom" */;
			buildPhases = (
				20ED118328C949AB00D3ADC7 /* Sources */,
				20ED118428C949AB00D3ADC7 /* Frameworks */,
				20ED118528C949AB00D3ADC7 /* Resources */,
			);
			buildRules = (
			);
			dependencies = (
			);
			name = RhythmRandom;
			productName = RhythmRandom;
			productReference = 20ED118728C949AB00D3ADC7 /* RhythmRandom.app */;
			productType = "com.apple.product-type.application";
		};
		20ED119628C949AC00D3ADC7 /* RhythmRandomTests */ = {
			isa = PBXNativeTarget;
			buildConfigurationList = 20ED11AE28C949AC00D3ADC7 /* Build configuration list for PBXNativeTarget "RhythmRandomTests" */;
			buildPhases = (
				20ED119328C949AC00D3ADC7 /* Sources */,
				20ED119428C949AC00D3ADC7 /* Frameworks */,
				20ED119528C949AC00D3ADC7 /* Resources */,
			);
			buildRules = (
			);
			dependencies = (
				20ED119928C949AC00D3ADC7 /* PBXTargetDependency */,
			);
			name = RhythmRandomTests;
			productName = RhythmRandomTests;
			productReference = 20ED119728C949AC00D3ADC7 /* RhythmRandomTests.xctest */;
			productType = "com.apple.product-type.bundle.unit-test";
		};
		20ED11A028C949AC00D3ADC7 /* RhythmRandomUITests */ = {
			isa = PBXNativeTarget;
			buildConfigurationList = 20ED11B128C949AC00D3ADC7 /* Build configuration list for PBXNativeTarget "RhythmRandomUITests" */;
			buildPhases = (
				20ED119D28C949AC00D3ADC7 /* Sources */,
				20ED119E28C949AC00D3ADC7 /* Frameworks */,
				20ED119F28C949AC00D3ADC7 /* Resources */,
			);
			buildRules = (
			);
			dependencies = (
				20ED11A328C949AC00D3ADC7 /* PBXTargetDependency */,
			);
			name = RhythmRandomUITests;
			productName = RhythmRandomUITests;
			productReference = 20ED11A128C949AC00D3ADC7 /* RhythmRandomUITests.xctest */;
			productType = "com.apple.product-type.bundle.ui-testing";
		};
/* End PBXNativeTarget section */

/* Begin PBXProject section */
		20ED117F28C949AB00D3ADC7 /* Project object */ = {
			isa = PBXProject;
			attributes = {
				BuildIndependentTargetsInParallel = 1;
				LastSwiftUpdateCheck = 1340;
				LastUpgradeCheck = 1340;
				TargetAttributes = {
					20ED118628C949AB00D3ADC7 = {
						CreatedOnToolsVersion = 13.4.1;
					};
					20ED119628C949AC00D3ADC7 = {
						CreatedOnToolsVersion = 13.4.1;
						TestTargetID = 20ED118628C949AB00D3ADC7;
					};
					20ED11A028C949AC00D3ADC7 = {
						CreatedOnToolsVersion = 13.4.1;
						TestTargetID = 20ED118628C949AB00D3ADC7;
					};
				};
			};
			buildConfigurationList = 20ED118228C949AB00D3ADC7 /* Build configuration list for PBXProject "RhythmRandom" */;
			compatibilityVersion = "Xcode 13.0";
			developmentRegion = en;
			hasScannedForEncodings = 0;
			knownRegions = (
				en,
				Base,
			);
			mainGroup = 20ED117E28C949AB00D3ADC7;
			productRefGroup = 20ED118828C949AB00D3ADC7 /* Products */;
			projectDirPath = "";
			projectRoot = "";
			targets = (
				20ED118628C949AB00D3ADC7 /* RhythmRandom */,
				20ED119628C949AC00D3ADC7 /* RhythmRandomTests */,
				20ED11A028C949AC00D3ADC7 /* RhythmRandomUITests */,
			);
		};
/* End PBXProject section */

/* Begin PBXResourcesBuildPhase section */
		20ED118528C949AB00D3ADC7 /* Resources */ = {
			isa = PBXResourcesBuildPhase;
			buildActionMask = 2147483647;
			files = (
				20ED119228C949AC00D3ADC7 /* Preview Assets.xcassets in Resources */,
				20ED118F28C949AC00D3ADC7 /* Assets.xcassets in Resources */,
			);
			runOnlyForDeploymentPostprocessing = 0;
		};
		20ED119528C949AC00D3ADC7 /* Resources */ = {
			isa = PBXResourcesBuildPhase;
			buildActionMask = 2147483647;
			files = (
			);
			runOnlyForDeploymentPostprocessing = 0;
		};
		20ED119F28C949AC00D3ADC7 /* Resources */ = {
			isa = PBXResourcesBuildPhase;
			buildActionMask = 2147483647;
			files = (
			);
			runOnlyForDeploymentPostprocessing = 0;
		};
/* End PBXResourcesBuildPhase section */

/* Begin PBXSourcesBuildPhase section */
		20ED118328C949AB00D3ADC7 /* Sources */ = {
			isa = PBXSourcesBuildPhase;
			buildActionMask = 2147483647;
			files = (
				20ED11B628CA503600D3ADC7 /* RhythmAppVM.swift in Sources */,
				20CA3D1B28D2677E003BFB8F /* RhythmDB.swift in Sources */,
				20ED11B828CA50A200D3ADC7 /* RhythmAppModel.swift in Sources */,
				20ED118D28C949AB00D3ADC7 /* ContentView.swift in Sources */,
				20ED118B28C949AB00D3ADC7 /* RhythmRandomApp.swift in Sources */,
			);
			runOnlyForDeploymentPostprocessing = 0;
		};
		20ED119328C949AC00D3ADC7 /* Sources */ = {
			isa = PBXSourcesBuildPhase;
			buildActionMask = 2147483647;
			files = (
				20ED119C28C949AC00D3ADC7 /* RhythmRandomTests.swift in Sources */,
			);
			runOnlyForDeploymentPostprocessing = 0;
		};
		20ED119D28C949AC00D3ADC7 /* Sources */ = {
			isa = PBXSourcesBuildPhase;
			buildActionMask = 2147483647;
			files = (
				20ED11A628C949AC00D3ADC7 /* RhythmRandomUITests.swift in Sources */,
				20ED11A828C949AC00D3ADC7 /* RhythmRandomUITestsLaunchTests.swift in Sources */,
			);
			runOnlyForDeploymentPostprocessing = 0;
		};
/* End PBXSourcesBuildPhase section */

/* Begin PBXTargetDependency section */
		20ED119928C949AC00D3ADC7 /* PBXTargetDependency */ = {
			isa = PBXTargetDependency;
			target = 20ED118628C949AB00D3ADC7 /* RhythmRandom */;
			targetProxy = 20ED119828C949AC00D3ADC7 /* PBXContainerItemProxy */;
		};
		20ED11A328C949AC00D3ADC7 /* PBXTargetDependency */ = {
			isa = PBXTargetDependency;
			target = 20ED118628C949AB00D3ADC7 /* RhythmRandom */;
			targetProxy = 20ED11A228C949AC00D3ADC7 /* PBXContainerItemProxy */;
		};
/* End PBXTargetDependency section */

/* Begin XCBuildConfiguration section */
		20ED11A928C949AC00D3ADC7 /* Debug */ = {
			isa = XCBuildConfiguration;
			buildSettings = {
				ALWAYS_SEARCH_USER_PATHS = NO;
				CLANG_ANALYZER_NONNULL = YES;
				CLANG_ANALYZER_NUMBER_OBJECT_CONVERSION = YES_AGGRESSIVE;
				CLANG_CXX_LANGUAGE_STANDARD = "gnu++17";
				CLANG_ENABLE_MODULES = YES;
				CLANG_ENABLE_OBJC_ARC = YES;
				CLANG_ENABLE_OBJC_WEAK = YES;
				CLANG_WARN_BLOCK_CAPTURE_AUTORELEASING = YES;
				CLANG_WARN_BOOL_CONVERSION = YES;
				CLANG_WARN_COMMA = YES;
				CLANG_WARN_CONSTANT_CONVERSION = YES;
				CLANG_WARN_DEPRECATED_OBJC_IMPLEMENTATIONS = YES;
				CLANG_WARN_DIRECT_OBJC_ISA_USAGE = YES_ERROR;
				CLANG_WARN_DOCUMENTATION_COMMENTS = YES;
				CLANG_WARN_EMPTY_BODY = YES;
				CLANG_WARN_ENUM_CONVERSION = YES;
				CLANG_WARN_INFINITE_RECURSION = YES;
				CLANG_WARN_INT_CONVERSION = YES;
				CLANG_WARN_NON_LITERAL_NULL_CONVERSION = YES;
				CLANG_WARN_OBJC_IMPLICIT_RETAIN_SELF = YES;
				CLANG_WARN_OBJC_LITERAL_CONVERSION = YES;
				CLANG_WARN_OBJC_ROOT_CLASS = YES_ERROR;
				CLANG_WARN_QUOTED_INCLUDE_IN_FRAMEWORK_HEADER = YES;
				CLANG_WARN_RANGE_LOOP_ANALYSIS = YES;
				CLANG_WARN_STRICT_PROTOTYPES = YES;
				CLANG_WARN_SUSPICIOUS_MOVE = YES;
				CLANG_WARN_UNGUARDED_AVAILABILITY = YES_AGGRESSIVE;
				CLANG_WARN_UNREACHABLE_CODE = YES;
				CLANG_WARN__DUPLICATE_METHOD_MATCH = YES;
				COPY_PHASE_STRIP = NO;
				DEBUG_INFORMATION_FORMAT = dwarf;
				ENABLE_STRICT_OBJC_MSGSEND = YES;
				ENABLE_TESTABILITY = YES;
				GCC_C_LANGUAGE_STANDARD = gnu11;
				GCC_DYNAMIC_NO_PIC = NO;
				GCC_NO_COMMON_BLOCKS = YES;
				GCC_OPTIMIZATION_LEVEL = 0;
				GCC_PREPROCESSOR_DEFINITIONS = (
					"DEBUG=1",
					"$(inherited)",
				);
				GCC_WARN_64_TO_32_BIT_CONVERSION = YES;
				GCC_WARN_ABOUT_RETURN_TYPE = YES_ERROR;
				GCC_WARN_UNDECLARED_SELECTOR = YES;
				GCC_WARN_UNINITIALIZED_AUTOS = YES_AGGRESSIVE;
				GCC_WARN_UNUSED_FUNCTION = YES;
				GCC_WARN_UNUSED_VARIABLE = YES;
				IPHONEOS_DEPLOYMENT_TARGET = 15.5;
				MTL_ENABLE_DEBUG_INFO = INCLUDE_SOURCE;
				MTL_FAST_MATH = YES;
				ONLY_ACTIVE_ARCH = YES;
				SDKROOT = iphoneos;
				SWIFT_ACTIVE_COMPILATION_CONDITIONS = DEBUG;
				SWIFT_OPTIMIZATION_LEVEL = "-Onone";
			};
			name = Debug;
		};
		20ED11AA28C949AC00D3ADC7 /* Release */ = {
			isa = XCBuildConfiguration;
			buildSettings = {
				ALWAYS_SEARCH_USER_PATHS = NO;
				CLANG_ANALYZER_NONNULL = YES;
				CLANG_ANALYZER_NUMBER_OBJECT_CONVERSION = YES_AGGRESSIVE;
				CLANG_CXX_LANGUAGE_STANDARD = "gnu++17";
				CLANG_ENABLE_MODULES = YES;
				CLANG_ENABLE_OBJC_ARC = YES;
				CLANG_ENABLE_OBJC_WEAK = YES;
				CLANG_WARN_BLOCK_CAPTURE_AUTORELEASING = YES;
				CLANG_WARN_BOOL_CONVERSION = YES;
				CLANG_WARN_COMMA = YES;
				CLANG_WARN_CONSTANT_CONVERSION = YES;
				CLANG_WARN_DEPRECATED_OBJC_IMPLEMENTATIONS = YES;
				CLANG_WARN_DIRECT_OBJC_ISA_USAGE = YES_ERROR;
				CLANG_WARN_DOCUMENTATION_COMMENTS = YES;
				CLANG_WARN_EMPTY_BODY = YES;
				CLANG_WARN_ENUM_CONVERSION = YES;
				CLANG_WARN_INFINITE_RECURSION = YES;
				CLANG_WARN_INT_CONVERSION = YES;
				CLANG_WARN_NON_LITERAL_NULL_CONVERSION = YES;
				CLANG_WARN_OBJC_IMPLICIT_RETAIN_SELF = YES;
				CLANG_WARN_OBJC_LITERAL_CONVERSION = YES;
				CLANG_WARN_OBJC_ROOT_CLASS = YES_ERROR;
				CLANG_WARN_QUOTED_INCLUDE_IN_FRAMEWORK_HEADER = YES;
				CLANG_WARN_RANGE_LOOP_ANALYSIS = YES;
				CLANG_WARN_STRICT_PROTOTYPES = YES;
				CLANG_WARN_SUSPICIOUS_MOVE = YES;
				CLANG_WARN_UNGUARDED_AVAILABILITY = YES_AGGRESSIVE;
				CLANG_WARN_UNREACHABLE_CODE = YES;
				CLANG_WARN__DUPLICATE_METHOD_MATCH = YES;
				COPY_PHASE_STRIP = NO;
				DEBUG_INFORMATION_FORMAT = "dwarf-with-dsym";
				ENABLE_NS_ASSERTIONS = NO;
				ENABLE_STRICT_OBJC_MSGSEND = YES;
				GCC_C_LANGUAGE_STANDARD = gnu11;
				GCC_NO_COMMON_BLOCKS = YES;
				GCC_WARN_64_TO_32_BIT_CONVERSION = YES;
				GCC_WARN_ABOUT_RETURN_TYPE = YES_ERROR;
				GCC_WARN_UNDECLARED_SELECTOR = YES;
				GCC_WARN_UNINITIALIZED_AUTOS = YES_AGGRESSIVE;
				GCC_WARN_UNUSED_FUNCTION = YES;
				GCC_WARN_UNUSED_VARIABLE = YES;
				IPHONEOS_DEPLOYMENT_TARGET = 15.5;
				MTL_ENABLE_DEBUG_INFO = NO;
				MTL_FAST_MATH = YES;
				SDKROOT = iphoneos;
				SWIFT_COMPILATION_MODE = wholemodule;
				SWIFT_OPTIMIZATION_LEVEL = "-O";
				VALIDATE_PRODUCT = YES;
			};
			name = Release;
		};
		20ED11AC28C949AC00D3ADC7 /* Debug */ = {
			isa = XCBuildConfiguration;
			buildSettings = {
				ASSETCATALOG_COMPILER_APPICON_NAME = AppIcon;
				ASSETCATALOG_COMPILER_GLOBAL_ACCENT_COLOR_NAME = AccentColor;
				CODE_SIGN_STYLE = Automatic;
				CURRENT_PROJECT_VERSION = 1;
				DEVELOPMENT_ASSET_PATHS = "\"RhythmRandom/Preview Content\"";
				DEVELOPMENT_TEAM = CSLCP9KDUS;
				ENABLE_PREVIEWS = YES;
				GENERATE_INFOPLIST_FILE = YES;
				INFOPLIST_KEY_UIApplicationSceneManifest_Generation = YES;
				INFOPLIST_KEY_UIApplicationSupportsIndirectInputEvents = YES;
				INFOPLIST_KEY_UILaunchScreen_Generation = YES;
				INFOPLIST_KEY_UISupportedInterfaceOrientations = "UIInterfaceOrientationLandscapeLeft UIInterfaceOrientationLandscapeRight";
				INFOPLIST_KEY_UISupportedInterfaceOrientations_iPad = "UIInterfaceOrientationPortrait UIInterfaceOrientationPortraitUpsideDown UIInterfaceOrientationLandscapeLeft UIInterfaceOrientationLandscapeRight";
				INFOPLIST_KEY_UISupportedInterfaceOrientations_iPhone = "UIInterfaceOrientationPortrait UIInterfaceOrientationLandscapeLeft UIInterfaceOrientationLandscapeRight";
				LD_RUNPATH_SEARCH_PATHS = (
					"$(inherited)",
					"@executable_path/Frameworks",
				);
				MARKETING_VERSION = 1.0;
				PRODUCT_BUNDLE_IDENTIFIER = merlin.RhythmRandom;
				PRODUCT_NAME = "$(TARGET_NAME)";
				SWIFT_EMIT_LOC_STRINGS = YES;
				SWIFT_VERSION = 5.0;
				TARGETED_DEVICE_FAMILY = "1,2";
			};
			name = Debug;
		};
		20ED11AD28C949AC00D3ADC7 /* Release */ = {
			isa = XCBuildConfiguration;
			buildSettings = {
				ASSETCATALOG_COMPILER_APPICON_NAME = AppIcon;
				ASSETCATALOG_COMPILER_GLOBAL_ACCENT_COLOR_NAME = AccentColor;
				CODE_SIGN_STYLE = Automatic;
				CURRENT_PROJECT_VERSION = 1;
				DEVELOPMENT_ASSET_PATHS = "\"RhythmRandom/Preview Content\"";
				DEVELOPMENT_TEAM = CSLCP9KDUS;
				ENABLE_PREVIEWS = YES;
				GENERATE_INFOPLIST_FILE = YES;
				INFOPLIST_KEY_UIApplicationSceneManifest_Generation = YES;
				INFOPLIST_KEY_UIApplicationSupportsIndirectInputEvents = YES;
				INFOPLIST_KEY_UILaunchScreen_Generation = YES;
				INFOPLIST_KEY_UISupportedInterfaceOrientations = "UIInterfaceOrientationLandscapeLeft UIInterfaceOrientationLandscapeRight";
				INFOPLIST_KEY_UISupportedInterfaceOrientations_iPad = "UIInterfaceOrientationPortrait UIInterfaceOrientationPortraitUpsideDown UIInterfaceOrientationLandscapeLeft UIInterfaceOrientationLandscapeRight";
				INFOPLIST_KEY_UISupportedInterfaceOrientations_iPhone = "UIInterfaceOrientationPortrait UIInterfaceOrientationLandscapeLeft UIInterfaceOrientationLandscapeRight";
				LD_RUNPATH_SEARCH_PATHS = (
					"$(inherited)",
					"@executable_path/Frameworks",
				);
				MARKETING_VERSION = 1.0;
				PRODUCT_BUNDLE_IDENTIFIER = merlin.RhythmRandom;
				PRODUCT_NAME = "$(TARGET_NAME)";
				SWIFT_EMIT_LOC_STRINGS = YES;
				SWIFT_VERSION = 5.0;
				TARGETED_DEVICE_FAMILY = "1,2";
			};
			name = Release;
		};
		20ED11AF28C949AC00D3ADC7 /* Debug */ = {
			isa = XCBuildConfiguration;
			buildSettings = {
				ALWAYS_EMBED_SWIFT_STANDARD_LIBRARIES = YES;
				BUNDLE_LOADER = "$(TEST_HOST)";
				CODE_SIGN_STYLE = Automatic;
				CURRENT_PROJECT_VERSION = 1;
				DEVELOPMENT_TEAM = CSLCP9KDUS;
				GENERATE_INFOPLIST_FILE = YES;
				IPHONEOS_DEPLOYMENT_TARGET = 15.5;
				MARKETING_VERSION = 1.0;
				PRODUCT_BUNDLE_IDENTIFIER = merlin.RhythmRandomTests;
				PRODUCT_NAME = "$(TARGET_NAME)";
				SWIFT_EMIT_LOC_STRINGS = NO;
				SWIFT_VERSION = 5.0;
				TARGETED_DEVICE_FAMILY = "1,2";
				TEST_HOST = "$(BUILT_PRODUCTS_DIR)/RhythmRandom.app/RhythmRandom";
			};
			name = Debug;
		};
		20ED11B028C949AC00D3ADC7 /* Release */ = {
			isa = XCBuildConfiguration;
			buildSettings = {
				ALWAYS_EMBED_SWIFT_STANDARD_LIBRARIES = YES;
				BUNDLE_LOADER = "$(TEST_HOST)";
				CODE_SIGN_STYLE = Automatic;
				CURRENT_PROJECT_VERSION = 1;
				DEVELOPMENT_TEAM = CSLCP9KDUS;
				GENERATE_INFOPLIST_FILE = YES;
				IPHONEOS_DEPLOYMENT_TARGET = 15.5;
				MARKETING_VERSION = 1.0;
				PRODUCT_BUNDLE_IDENTIFIER = merlin.RhythmRandomTests;
				PRODUCT_NAME = "$(TARGET_NAME)";
				SWIFT_EMIT_LOC_STRINGS = NO;
				SWIFT_VERSION = 5.0;
				TARGETED_DEVICE_FAMILY = "1,2";
				TEST_HOST = "$(BUILT_PRODUCTS_DIR)/RhythmRandom.app/RhythmRandom";
			};
			name = Release;
		};
		20ED11B228C949AC00D3ADC7 /* Debug */ = {
			isa = XCBuildConfiguration;
			buildSettings = {
				ALWAYS_EMBED_SWIFT_STANDARD_LIBRARIES = YES;
				CODE_SIGN_STYLE = Automatic;
				CURRENT_PROJECT_VERSION = 1;
				DEVELOPMENT_TEAM = CSLCP9KDUS;
				GENERATE_INFOPLIST_FILE = YES;
				MARKETING_VERSION = 1.0;
				PRODUCT_BUNDLE_IDENTIFIER = merlin.RhythmRandomUITests;
				PRODUCT_NAME = "$(TARGET_NAME)";
				SWIFT_EMIT_LOC_STRINGS = NO;
				SWIFT_VERSION = 5.0;
				TARGETED_DEVICE_FAMILY = "1,2";
				TEST_TARGET_NAME = RhythmRandom;
			};
			name = Debug;
		};
		20ED11B328C949AC00D3ADC7 /* Release */ = {
			isa = XCBuildConfiguration;
			buildSettings = {
				ALWAYS_EMBED_SWIFT_STANDARD_LIBRARIES = YES;
				CODE_SIGN_STYLE = Automatic;
				CURRENT_PROJECT_VERSION = 1;
				DEVELOPMENT_TEAM = CSLCP9KDUS;
				GENERATE_INFOPLIST_FILE = YES;
				MARKETING_VERSION = 1.0;
				PRODUCT_BUNDLE_IDENTIFIER = merlin.RhythmRandomUITests;
				PRODUCT_NAME = "$(TARGET_NAME)";
				SWIFT_EMIT_LOC_STRINGS = NO;
				SWIFT_VERSION = 5.0;
				TARGETED_DEVICE_FAMILY = "1,2";
				TEST_TARGET_NAME = RhythmRandom;
			};
			name = Release;
		};
/* End XCBuildConfiguration section */

/* Begin XCConfigurationList section */
		20ED118228C949AB00D3ADC7 /* Build configuration list for PBXProject "RhythmRandom" */ = {
			isa = XCConfigurationList;
			buildConfigurations = (
				20ED11A928C949AC00D3ADC7 /* Debug */,
				20ED11AA28C949AC00D3ADC7 /* Release */,
			);
			defaultConfigurationIsVisible = 0;
			defaultConfigurationName = Release;
		};
		20ED11AB28C949AC00D3ADC7 /* Build configuration list for PBXNativeTarget "RhythmRandom" */ = {
			isa = XCConfigurationList;
			buildConfigurations = (
				20ED11AC28C949AC00D3ADC7 /* Debug */,
				20ED11AD28C949AC00D3ADC7 /* Release */,
			);
			defaultConfigurationIsVisible = 0;
			defaultConfigurationName = Release;
		};
		20ED11AE28C949AC00D3ADC7 /* Build configuration list for PBXNativeTarget "RhythmRandomTests" */ = {
			isa = XCConfigurationList;
			buildConfigurations = (
				20ED11AF28C949AC00D3ADC7 /* Debug */,
				20ED11B028C949AC00D3ADC7 /* Release */,
			);
			defaultConfigurationIsVisible = 0;
			defaultConfigurationName = Release;
		};
		20ED11B128C949AC00D3ADC7 /* Build configuration list for PBXNativeTarget "RhythmRandomUITests" */ = {
			isa = XCConfigurationList;
			buildConfigurations = (
				20ED11B228C949AC00D3ADC7 /* Debug */,
				20ED11B328C949AC00D3ADC7 /* Release */,
			);
			defaultConfigurationIsVisible = 0;
			defaultConfigurationName = Release;
		};
/* End XCConfigurationList section */
	};
	rootObject = 20ED117F28C949AB00D3ADC7 /* Project object */;
}
